// !$*UTF8*$!
{
	archiveVersion = 1;
	classes = {
	};
	objectVersion = 46;
	objects = {

/* Begin PBXBuildFile section */
		1715DD2E1709351A00D57097 /* messages_left_bubble@2x.png in Resources */ = {isa = PBXBuildFile; fileRef = 1715DD221709351900D57097 /* messages_left_bubble@2x.png */; };
		1715DD301709351A00D57097 /* messages_right_bubble@2x.png in Resources */ = {isa = PBXBuildFile; fileRef = 1715DD241709351900D57097 /* messages_right_bubble@2x.png */; };
		1715DD311709351A00D57097 /* messages_tableview_background.png in Resources */ = {isa = PBXBuildFile; fileRef = 1715DD251709351A00D57097 /* messages_tableview_background.png */; };
		1715DD321709351A00D57097 /* messages_tableview_background@2x.png in Resources */ = {isa = PBXBuildFile; fileRef = 1715DD261709351A00D57097 /* messages_tableview_background@2x.png */; };
		1715DD331709351A00D57097 /* messages_toolbar_background.png in Resources */ = {isa = PBXBuildFile; fileRef = 1715DD271709351A00D57097 /* messages_toolbar_background.png */; };
		1715DD341709351A00D57097 /* messages_toolbar_background@2x.png in Resources */ = {isa = PBXBuildFile; fileRef = 1715DD281709351A00D57097 /* messages_toolbar_background@2x.png */; };
		1715DD351709351A00D57097 /* nav_bar_bg@2x.png in Resources */ = {isa = PBXBuildFile; fileRef = 1715DD291709351A00D57097 /* nav_bar_bg@2x.png */; };
		1715DD361709351A00D57097 /* nav_btn_bg@2x.png in Resources */ = {isa = PBXBuildFile; fileRef = 1715DD2A1709351A00D57097 /* nav_btn_bg@2x.png */; };
		1715DD371709351A00D57097 /* nav_btn_bg_lighted@2x.png in Resources */ = {isa = PBXBuildFile; fileRef = 1715DD2B1709351A00D57097 /* nav_btn_bg_lighted@2x.png */; };
		1715DD3B170936DD00D57097 /* UMEGORefreshTableHeaderView.m in Sources */ = {isa = PBXBuildFile; fileRef = 1715DD3A170936DD00D57097 /* UMEGORefreshTableHeaderView.m */; settings = {COMPILER_FLAGS = "-fno-objc-arc"; }; };
		1715DD3C17093A7800D57097 /* QuartzCore.framework in Frameworks */ = {isa = PBXBuildFile; fileRef = 3A296E3C1627C0B5006A97DD /* QuartzCore.framework */; };
		1715DD3F17093BF300D57097 /* blueArrow.png in Resources */ = {isa = PBXBuildFile; fileRef = 1715DD3D17093BF300D57097 /* blueArrow.png */; };
		1715DD4017093BF300D57097 /* blueArrow@2x.png in Resources */ = {isa = PBXBuildFile; fileRef = 1715DD3E17093BF300D57097 /* blueArrow@2x.png */; };
		1715DD431709532F00D57097 /* send_selected@2x.png in Resources */ = {isa = PBXBuildFile; fileRef = 1715DD411709532F00D57097 /* send_selected@2x.png */; };
		1715DD441709532F00D57097 /* send@2x.png in Resources */ = {isa = PBXBuildFile; fileRef = 1715DD421709532F00D57097 /* send@2x.png */; };
		1715DD4617098EE000D57097 /* icon_rightArrow@2x.png in Resources */ = {isa = PBXBuildFile; fileRef = 1715DD4517098EE000D57097 /* icon_rightArrow@2x.png */; };
		1715DD481709906900D57097 /* icon_rightArrow_selected@2x.png in Resources */ = {isa = PBXBuildFile; fileRef = 1715DD471709906900D57097 /* icon_rightArrow_selected@2x.png */; };
		17F3DAB6170AE5640033AD9A /* UMContactViewController.m in Sources */ = {isa = PBXBuildFile; fileRef = 17F3DAB4170AE5640033AD9A /* UMContactViewController.m */; };
		17F3DAB7170AE5640033AD9A /* UMContactViewController.xib in Resources */ = {isa = PBXBuildFile; fileRef = 17F3DAB5170AE5640033AD9A /* UMContactViewController.xib */; };
		17F3DABD170AEA200033AD9A /* item_cancel_selected@2x.png in Resources */ = {isa = PBXBuildFile; fileRef = 17F3DAB9170AEA200033AD9A /* item_cancel_selected@2x.png */; };
		17F3DABE170AEA200033AD9A /* item_cancel@2x.png in Resources */ = {isa = PBXBuildFile; fileRef = 17F3DABA170AEA200033AD9A /* item_cancel@2x.png */; };
		17F3DABF170AEA200033AD9A /* item_ok_selected@2x.png in Resources */ = {isa = PBXBuildFile; fileRef = 17F3DABB170AEA200033AD9A /* item_ok_selected@2x.png */; };
		17F3DAC1170AEC0E0033AD9A /* item_ok@2x.png in Resources */ = {isa = PBXBuildFile; fileRef = 17F3DAC0170AEC0E0033AD9A /* item_ok@2x.png */; };
		3324545C7681E10EEA37590F /* nav_btn_bg.png in Resources */ = {isa = PBXBuildFile; fileRef = 33245B743061F93CA64BB9F5 /* nav_btn_bg.png */; };
		33245635E6D12E4C36F98E60 /* nav_bg.png in Resources */ = {isa = PBXBuildFile; fileRef = 33245F1ABDFA8E9C39F42A5D /* nav_bg.png */; };
		383414D6161431EF0083F8FC /* UIKit.framework in Frameworks */ = {isa = PBXBuildFile; fileRef = 383414D5161431EF0083F8FC /* UIKit.framework */; };
		383414D8161431EF0083F8FC /* Foundation.framework in Frameworks */ = {isa = PBXBuildFile; fileRef = 383414D7161431EF0083F8FC /* Foundation.framework */; };
		383414DA161431EF0083F8FC /* CoreGraphics.framework in Frameworks */ = {isa = PBXBuildFile; fileRef = 383414D9161431EF0083F8FC /* CoreGraphics.framework */; };
		383414E0161431EF0083F8FC /* InfoPlist.strings in Resources */ = {isa = PBXBuildFile; fileRef = 383414DE161431EF0083F8FC /* InfoPlist.strings */; };
		383414E2161431EF0083F8FC /* main.m in Sources */ = {isa = PBXBuildFile; fileRef = 383414E1161431EF0083F8FC /* main.m */; };
		383414E6161431EF0083F8FC /* AppDelegate.m in Sources */ = {isa = PBXBuildFile; fileRef = 383414E5161431EF0083F8FC /* AppDelegate.m */; };
		383414E9161431EF0083F8FC /* ViewController.m in Sources */ = {isa = PBXBuildFile; fileRef = 383414E8161431EF0083F8FC /* ViewController.m */; };
		383414EC161431EF0083F8FC /* ViewController_iPhone.xib in Resources */ = {isa = PBXBuildFile; fileRef = 383414EA161431EF0083F8FC /* ViewController_iPhone.xib */; };
		383414EF161431EF0083F8FC /* ViewController_iPad.xib in Resources */ = {isa = PBXBuildFile; fileRef = 383414ED161431EF0083F8FC /* ViewController_iPad.xib */; };
		3A1FB7A01721252F006A6964 /* Localizable.strings in Resources */ = {isa = PBXBuildFile; fileRef = 3A1FB79D1721252F006A6964 /* Localizable.strings */; };
		3A296E061626EAD7006A97DD /* UMFeedbackViewController.m in Sources */ = {isa = PBXBuildFile; fileRef = 3A296DF81626EAD7006A97DD /* UMFeedbackViewController.m */; };
		3A296E071626EAD7006A97DD /* UMFeedbackViewController.xib in Resources */ = {isa = PBXBuildFile; fileRef = 3A296DF91626EAD7006A97DD /* UMFeedbackViewController.xib */; };
		3A296E081626EAD7006A97DD /* UMFeedbackTableViewCellLeft.m in Sources */ = {isa = PBXBuildFile; fileRef = 3A296DFB1626EAD7006A97DD /* UMFeedbackTableViewCellLeft.m */; };
		3A296E111626EAD7006A97DD /* UMFeedbackTableViewCellRight.m in Sources */ = {isa = PBXBuildFile; fileRef = 3A296E051626EAD7006A97DD /* UMFeedbackTableViewCellRight.m */; };
		3A312FE1171BA5A9006F1591 /* umeng_logo.png in Resources */ = {isa = PBXBuildFile; fileRef = 3A312FE0171BA5A9006F1591 /* umeng_logo.png */; };
		3A8A52FA17F02F1B002DFEF2 /* CFNetwork.framework in Frameworks */ = {isa = PBXBuildFile; fileRef = 3A8A52F917F02F1B002DFEF2 /* CFNetwork.framework */; };
		3A8C370E1614331100B3444B /* libUMFeedback.a in Frameworks */ = {isa = PBXBuildFile; fileRef = 3A8C370D1614331100B3444B /* libUMFeedback.a */; };
		3A8C37121614340900B3444B /* umFeedback.bundle in Resources */ = {isa = PBXBuildFile; fileRef = 3A8C37111614340900B3444B /* umFeedback.bundle */; };
		3A8C371616143E0C00B3444B /* Default-568h@2x.png in Resources */ = {isa = PBXBuildFile; fileRef = 3A8C371516143E0C00B3444B /* Default-568h@2x.png */; };
/* End PBXBuildFile section */

/* Begin PBXFileReference section */
		1715DD221709351900D57097 /* messages_left_bubble@2x.png */ = {isa = PBXFileReference; lastKnownFileType = image.png; path = "messages_left_bubble@2x.png"; sourceTree = "<group>"; };
		1715DD241709351900D57097 /* messages_right_bubble@2x.png */ = {isa = PBXFileReference; lastKnownFileType = image.png; path = "messages_right_bubble@2x.png"; sourceTree = "<group>"; };
		1715DD251709351A00D57097 /* messages_tableview_background.png */ = {isa = PBXFileReference; lastKnownFileType = image.png; path = messages_tableview_background.png; sourceTree = "<group>"; };
		1715DD261709351A00D57097 /* messages_tableview_background@2x.png */ = {isa = PBXFileReference; lastKnownFileType = image.png; path = "messages_tableview_background@2x.png"; sourceTree = "<group>"; };
		1715DD271709351A00D57097 /* messages_toolbar_background.png */ = {isa = PBXFileReference; lastKnownFileType = image.png; path = messages_toolbar_background.png; sourceTree = "<group>"; };
		1715DD281709351A00D57097 /* messages_toolbar_background@2x.png */ = {isa = PBXFileReference; lastKnownFileType = image.png; path = "messages_toolbar_background@2x.png"; sourceTree = "<group>"; };
		1715DD291709351A00D57097 /* nav_bar_bg@2x.png */ = {isa = PBXFileReference; lastKnownFileType = image.png; path = "nav_bar_bg@2x.png"; sourceTree = "<group>"; };
		1715DD2A1709351A00D57097 /* nav_btn_bg@2x.png */ = {isa = PBXFileReference; lastKnownFileType = image.png; path = "nav_btn_bg@2x.png"; sourceTree = "<group>"; };
		1715DD2B1709351A00D57097 /* nav_btn_bg_lighted@2x.png */ = {isa = PBXFileReference; lastKnownFileType = image.png; path = "nav_btn_bg_lighted@2x.png"; sourceTree = "<group>"; };
		1715DD39170936DD00D57097 /* UMEGORefreshTableHeaderView.h */ = {isa = PBXFileReference; fileEncoding = 4; lastKnownFileType = sourcecode.c.h; path = UMEGORefreshTableHeaderView.h; sourceTree = "<group>"; };
		1715DD3A170936DD00D57097 /* UMEGORefreshTableHeaderView.m */ = {isa = PBXFileReference; fileEncoding = 4; lastKnownFileType = sourcecode.c.objc; path = UMEGORefreshTableHeaderView.m; sourceTree = "<group>"; };
		1715DD3D17093BF300D57097 /* blueArrow.png */ = {isa = PBXFileReference; lastKnownFileType = image.png; path = blueArrow.png; sourceTree = "<group>"; };
		1715DD3E17093BF300D57097 /* blueArrow@2x.png */ = {isa = PBXFileReference; lastKnownFileType = image.png; path = "blueArrow@2x.png"; sourceTree = "<group>"; };
		1715DD411709532F00D57097 /* send_selected@2x.png */ = {isa = PBXFileReference; lastKnownFileType = image.png; path = "send_selected@2x.png"; sourceTree = "<group>"; };
		1715DD421709532F00D57097 /* send@2x.png */ = {isa = PBXFileReference; lastKnownFileType = image.png; path = "send@2x.png"; sourceTree = "<group>"; };
		1715DD4517098EE000D57097 /* icon_rightArrow@2x.png */ = {isa = PBXFileReference; lastKnownFileType = image.png; path = "icon_rightArrow@2x.png"; sourceTree = "<group>"; };
		1715DD471709906900D57097 /* icon_rightArrow_selected@2x.png */ = {isa = PBXFileReference; lastKnownFileType = image.png; path = "icon_rightArrow_selected@2x.png"; sourceTree = "<group>"; };
		17F3DAB3170AE5640033AD9A /* UMContactViewController.h */ = {isa = PBXFileReference; fileEncoding = 4; lastKnownFileType = sourcecode.c.h; path = UMContactViewController.h; sourceTree = "<group>"; };
		17F3DAB4170AE5640033AD9A /* UMContactViewController.m */ = {isa = PBXFileReference; fileEncoding = 4; lastKnownFileType = sourcecode.c.objc; path = UMContactViewController.m; sourceTree = "<group>"; };
		17F3DAB5170AE5640033AD9A /* UMContactViewController.xib */ = {isa = PBXFileReference; fileEncoding = 4; lastKnownFileType = file.xib; path = UMContactViewController.xib; sourceTree = "<group>"; };
		17F3DAB8170AEA200033AD9A /* icon_rightArrow_selected@2x.png */ = {isa = PBXFileReference; lastKnownFileType = image.png; path = "icon_rightArrow_selected@2x.png"; sourceTree = "<group>"; };
		17F3DAB9170AEA200033AD9A /* item_cancel_selected@2x.png */ = {isa = PBXFileReference; lastKnownFileType = image.png; path = "item_cancel_selected@2x.png"; sourceTree = "<group>"; };
		17F3DABA170AEA200033AD9A /* item_cancel@2x.png */ = {isa = PBXFileReference; lastKnownFileType = image.png; path = "item_cancel@2x.png"; sourceTree = "<group>"; };
		17F3DABB170AEA200033AD9A /* item_ok_selected@2x.png */ = {isa = PBXFileReference; lastKnownFileType = image.png; path = "item_ok_selected@2x.png"; sourceTree = "<group>"; };
		17F3DAC0170AEC0E0033AD9A /* item_ok@2x.png */ = {isa = PBXFileReference; lastKnownFileType = image.png; path = "item_ok@2x.png"; sourceTree = "<group>"; };
		33245B743061F93CA64BB9F5 /* nav_btn_bg.png */ = {isa = PBXFileReference; lastKnownFileType = image.png; path = nav_btn_bg.png; sourceTree = "<group>"; };
		33245F1ABDFA8E9C39F42A5D /* nav_bg.png */ = {isa = PBXFileReference; lastKnownFileType = image.png; path = nav_bg.png; sourceTree = "<group>"; };
		383414D1161431EF0083F8FC /* UMDemo.app */ = {isa = PBXFileReference; explicitFileType = wrapper.application; includeInIndex = 0; path = UMDemo.app; sourceTree = BUILT_PRODUCTS_DIR; };
		383414D5161431EF0083F8FC /* UIKit.framework */ = {isa = PBXFileReference; lastKnownFileType = wrapper.framework; name = UIKit.framework; path = System/Library/Frameworks/UIKit.framework; sourceTree = SDKROOT; };
		383414D7161431EF0083F8FC /* Foundation.framework */ = {isa = PBXFileReference; lastKnownFileType = wrapper.framework; name = Foundation.framework; path = System/Library/Frameworks/Foundation.framework; sourceTree = SDKROOT; };
		383414D9161431EF0083F8FC /* CoreGraphics.framework */ = {isa = PBXFileReference; lastKnownFileType = wrapper.framework; name = CoreGraphics.framework; path = System/Library/Frameworks/CoreGraphics.framework; sourceTree = SDKROOT; };
		383414DD161431EF0083F8FC /* Demo-Info.plist */ = {isa = PBXFileReference; lastKnownFileType = text.plist.xml; path = "Demo-Info.plist"; sourceTree = "<group>"; };
		383414DF161431EF0083F8FC /* en */ = {isa = PBXFileReference; lastKnownFileType = text.plist.strings; name = en; path = en.lproj/InfoPlist.strings; sourceTree = "<group>"; };
		383414E1161431EF0083F8FC /* main.m */ = {isa = PBXFileReference; lastKnownFileType = sourcecode.c.objc; path = main.m; sourceTree = "<group>"; };
		383414E3161431EF0083F8FC /* Demo-Prefix.pch */ = {isa = PBXFileReference; lastKnownFileType = sourcecode.c.h; path = "Demo-Prefix.pch"; sourceTree = "<group>"; };
		383414E4161431EF0083F8FC /* AppDelegate.h */ = {isa = PBXFileReference; lastKnownFileType = sourcecode.c.h; path = AppDelegate.h; sourceTree = "<group>"; };
		383414E5161431EF0083F8FC /* AppDelegate.m */ = {isa = PBXFileReference; lastKnownFileType = sourcecode.c.objc; path = AppDelegate.m; sourceTree = "<group>"; };
		383414E7161431EF0083F8FC /* ViewController.h */ = {isa = PBXFileReference; lastKnownFileType = sourcecode.c.h; path = ViewController.h; sourceTree = "<group>"; };
		383414E8161431EF0083F8FC /* ViewController.m */ = {isa = PBXFileReference; lastKnownFileType = sourcecode.c.objc; path = ViewController.m; sourceTree = "<group>"; };
		383414EB161431EF0083F8FC /* UMViewController_iPhone.xib */ = {isa = PBXFileReference; lastKnownFileType = file.xib; name = UMViewController_iPhone.xib; path = en.lproj/UMViewController_iPhone.xib; sourceTree = "<group>"; };
		383414EE161431EF0083F8FC /* UMViewController_iPad.xib */ = {isa = PBXFileReference; lastKnownFileType = file.xib; name = UMViewController_iPad.xib; path = en.lproj/UMViewController_iPad.xib; sourceTree = "<group>"; };
		3A1CF499162BC5EB00E24AD9 /* UMFeedback.h */ = {isa = PBXFileReference; fileEncoding = 4; lastKnownFileType = sourcecode.c.h; path = UMFeedback.h; sourceTree = "<group>"; };
		3A1FB79A17212470006A6964 /* zh-Hans */ = {isa = PBXFileReference; lastKnownFileType = file.xib; name = "zh-Hans"; path = "zh-Hans.lproj/UMViewController_iPhone.xib"; sourceTree = "<group>"; };
		3A1FB79B17212470006A6964 /* zh-Hans */ = {isa = PBXFileReference; lastKnownFileType = file.xib; name = "zh-Hans"; path = "zh-Hans.lproj/UMViewController_iPad.xib"; sourceTree = "<group>"; };
		3A1FB79C17212470006A6964 /* zh-Hans */ = {isa = PBXFileReference; lastKnownFileType = text.plist.strings; name = "zh-Hans"; path = "zh-Hans.lproj/InfoPlist.strings"; sourceTree = "<group>"; };
		3A1FB79E1721252F006A6964 /* zh-Hans */ = {isa = PBXFileReference; lastKnownFileType = text.plist.strings; name = "zh-Hans"; path = "Demo/zh-Hans.lproj/Localizable.strings"; sourceTree = "<group>"; };
		3A1FB79F1721252F006A6964 /* en */ = {isa = PBXFileReference; lastKnownFileType = text.plist.strings; name = en; path = Demo/en.lproj/Localizable.strings; sourceTree = "<group>"; };
		3A296DF71626EAD7006A97DD /* UMFeedbackViewController.h */ = {isa = PBXFileReference; fileEncoding = 4; lastKnownFileType = sourcecode.c.h; path = UMFeedbackViewController.h; sourceTree = "<group>"; };
		3A296DF81626EAD7006A97DD /* UMFeedbackViewController.m */ = {isa = PBXFileReference; fileEncoding = 4; lastKnownFileType = sourcecode.c.objc; path = UMFeedbackViewController.m; sourceTree = "<group>"; };
		3A296DF91626EAD7006A97DD /* UMFeedbackViewController.xib */ = {isa = PBXFileReference; fileEncoding = 4; lastKnownFileType = file.xib; path = UMFeedbackViewController.xib; sourceTree = "<group>"; };
		3A296DFA1626EAD7006A97DD /* UMFeedbackTableViewCellLeft.h */ = {isa = PBXFileReference; fileEncoding = 4; lastKnownFileType = sourcecode.c.h; path = UMFeedbackTableViewCellLeft.h; sourceTree = "<group>"; };
		3A296DFB1626EAD7006A97DD /* UMFeedbackTableViewCellLeft.m */ = {isa = PBXFileReference; fileEncoding = 4; lastKnownFileType = sourcecode.c.objc; path = UMFeedbackTableViewCellLeft.m; sourceTree = "<group>"; };
		3A296E041626EAD7006A97DD /* UMFeedbackTableViewCellRight.h */ = {isa = PBXFileReference; fileEncoding = 4; lastKnownFileType = sourcecode.c.h; path = UMFeedbackTableViewCellRight.h; sourceTree = "<group>"; };
		3A296E051626EAD7006A97DD /* UMFeedbackTableViewCellRight.m */ = {isa = PBXFileReference; fileEncoding = 4; lastKnownFileType = sourcecode.c.objc; path = UMFeedbackTableViewCellRight.m; sourceTree = "<group>"; };
		3A296E3C1627C0B5006A97DD /* QuartzCore.framework */ = {isa = PBXFileReference; lastKnownFileType = wrapper.framework; name = QuartzCore.framework; path = System/Library/Frameworks/QuartzCore.framework; sourceTree = SDKROOT; };
		3A312FE0171BA5A9006F1591 /* umeng_logo.png */ = {isa = PBXFileReference; lastKnownFileType = image.png; path = umeng_logo.png; sourceTree = "<group>"; };
		3A8A52F917F02F1B002DFEF2 /* CFNetwork.framework */ = {isa = PBXFileReference; lastKnownFileType = wrapper.framework; name = CFNetwork.framework; path = System/Library/Frameworks/CFNetwork.framework; sourceTree = SDKROOT; };
		3A8A52FB17F0397D002DFEF2 /* CoreData.framework */ = {isa = PBXFileReference; lastKnownFileType = wrapper.framework; name = CoreData.framework; path = System/Library/Frameworks/CoreData.framework; sourceTree = SDKROOT; };
		3A8A52FD17F03996002DFEF2 /* Security.framework */ = {isa = PBXFileReference; lastKnownFileType = wrapper.framework; name = Security.framework; path = System/Library/Frameworks/Security.framework; sourceTree = SDKROOT; };
		3A8A52FF17F03A6F002DFEF2 /* libicucore.dylib */ = {isa = PBXFileReference; lastKnownFileType = "compiled.mach-o.dylib"; name = libicucore.dylib; path = usr/lib/libicucore.dylib; sourceTree = SDKROOT; };
		3A8C370D1614331100B3444B /* libUMFeedback.a */ = {isa = PBXFileReference; lastKnownFileType = archive.ar; path = libUMFeedback.a; sourceTree = "<group>"; };
		3A8C37111614340900B3444B /* umFeedback.bundle */ = {isa = PBXFileReference; lastKnownFileType = "wrapper.plug-in"; path = umFeedback.bundle; sourceTree = "<group>"; };
		3A8C371516143E0C00B3444B /* Default-568h@2x.png */ = {isa = PBXFileReference; lastKnownFileType = image.png; path = "Default-568h@2x.png"; sourceTree = "<group>"; };
		C682CA9DCFE647F1A2FF4651 /* libPods.a */ = {isa = PBXFileReference; explicitFileType = archive.ar; includeInIndex = 0; path = libPods.a; sourceTree = BUILT_PRODUCTS_DIR; };
/* End PBXFileReference section */

/* Begin PBXFrameworksBuildPhase section */
		383414CE161431EF0083F8FC /* Frameworks */ = {
			isa = PBXFrameworksBuildPhase;
			buildActionMask = 2147483647;
			files = (
				3A8A52FA17F02F1B002DFEF2 /* CFNetwork.framework in Frameworks */,
				1715DD3C17093A7800D57097 /* QuartzCore.framework in Frameworks */,
				383414D6161431EF0083F8FC /* UIKit.framework in Frameworks */,
				383414D8161431EF0083F8FC /* Foundation.framework in Frameworks */,
				383414DA161431EF0083F8FC /* CoreGraphics.framework in Frameworks */,
				3A8C370E1614331100B3444B /* libUMFeedback.a in Frameworks */,
			);
			runOnlyForDeploymentPostprocessing = 0;
		};
/* End PBXFrameworksBuildPhase section */

/* Begin PBXGroup section */
		1715DD1F1709351900D57097 /* Images */ = {
			isa = PBXGroup;
			children = (
				3A312FE0171BA5A9006F1591 /* umeng_logo.png */,
				17F3DAC0170AEC0E0033AD9A /* item_ok@2x.png */,
				17F3DAB8170AEA200033AD9A /* icon_rightArrow_selected@2x.png */,
				17F3DAB9170AEA200033AD9A /* item_cancel_selected@2x.png */,
				17F3DABA170AEA200033AD9A /* item_cancel@2x.png */,
				17F3DABB170AEA200033AD9A /* item_ok_selected@2x.png */,
				1715DD471709906900D57097 /* icon_rightArrow_selected@2x.png */,
				1715DD4517098EE000D57097 /* icon_rightArrow@2x.png */,
				1715DD411709532F00D57097 /* send_selected@2x.png */,
				1715DD421709532F00D57097 /* send@2x.png */,
				1715DD3D17093BF300D57097 /* blueArrow.png */,
				1715DD3E17093BF300D57097 /* blueArrow@2x.png */,
				1715DD221709351900D57097 /* messages_left_bubble@2x.png */,
				1715DD241709351900D57097 /* messages_right_bubble@2x.png */,
				1715DD251709351A00D57097 /* messages_tableview_background.png */,
				1715DD261709351A00D57097 /* messages_tableview_background@2x.png */,
				1715DD271709351A00D57097 /* messages_toolbar_background.png */,
				1715DD281709351A00D57097 /* messages_toolbar_background@2x.png */,
				1715DD291709351A00D57097 /* nav_bar_bg@2x.png */,
				1715DD2A1709351A00D57097 /* nav_btn_bg@2x.png */,
				1715DD2B1709351A00D57097 /* nav_btn_bg_lighted@2x.png */,
				33245F1ABDFA8E9C39F42A5D /* nav_bg.png */,
				33245B743061F93CA64BB9F5 /* nav_btn_bg.png */,
			);
			path = Images;
			sourceTree = "<group>";
		};
		1715DD38170936DD00D57097 /* EGO_Refresh */ = {
			isa = PBXGroup;
			children = (
				1715DD39170936DD00D57097 /* UMEGORefreshTableHeaderView.h */,
				1715DD3A170936DD00D57097 /* UMEGORefreshTableHeaderView.m */,
			);
			path = EGO_Refresh;
			sourceTree = "<group>";
		};
		383414C6161431EF0083F8FC = {
			isa = PBXGroup;
			children = (
				3A1FB79D1721252F006A6964 /* Localizable.strings */,
				3A1CF499162BC5EB00E24AD9 /* UMFeedback.h */,
				3A296E3C1627C0B5006A97DD /* QuartzCore.framework */,
				3A8C37111614340900B3444B /* umFeedback.bundle */,
				3A8C370D1614331100B3444B /* libUMFeedback.a */,
				383414DB161431EF0083F8FC /* Demo */,
				383414D4161431EF0083F8FC /* Frameworks */,
				383414D2161431EF0083F8FC /* Products */,
			);
			sourceTree = "<group>";
		};
		383414D2161431EF0083F8FC /* Products */ = {
			isa = PBXGroup;
			children = (
				383414D1161431EF0083F8FC /* UMDemo.app */,
			);
			name = Products;
			sourceTree = "<group>";
		};
		383414D4161431EF0083F8FC /* Frameworks */ = {
			isa = PBXGroup;
			children = (
				3A8A52FF17F03A6F002DFEF2 /* libicucore.dylib */,
				3A8A52FD17F03996002DFEF2 /* Security.framework */,
				3A8A52FB17F0397D002DFEF2 /* CoreData.framework */,
				3A8A52F917F02F1B002DFEF2 /* CFNetwork.framework */,
				383414D5161431EF0083F8FC /* UIKit.framework */,
				383414D7161431EF0083F8FC /* Foundation.framework */,
				383414D9161431EF0083F8FC /* CoreGraphics.framework */,
				C682CA9DCFE647F1A2FF4651 /* libPods.a */,
			);
			name = Frameworks;
			sourceTree = "<group>";
		};
		383414DB161431EF0083F8FC /* Demo */ = {
			isa = PBXGroup;
			children = (
				3A296DF61626EAD7006A97DD /* chat */,
				3A8C371516143E0C00B3444B /* Default-568h@2x.png */,
				383414E4161431EF0083F8FC /* AppDelegate.h */,
				383414E5161431EF0083F8FC /* AppDelegate.m */,
				383414E7161431EF0083F8FC /* ViewController.h */,
				383414E8161431EF0083F8FC /* ViewController.m */,
				383414EA161431EF0083F8FC /* ViewController_iPhone.xib */,
				383414ED161431EF0083F8FC /* ViewController_iPad.xib */,
				383414DC161431EF0083F8FC /* Supporting Files */,
			);
			path = Demo;
			sourceTree = "<group>";
		};
		383414DC161431EF0083F8FC /* Supporting Files */ = {
			isa = PBXGroup;
			children = (
				383414DD161431EF0083F8FC /* Demo-Info.plist */,
				383414DE161431EF0083F8FC /* InfoPlist.strings */,
				383414E1161431EF0083F8FC /* main.m */,
				383414E3161431EF0083F8FC /* Demo-Prefix.pch */,
			);
			name = "Supporting Files";
			sourceTree = "<group>";
		};
		3A296DF61626EAD7006A97DD /* chat */ = {
			isa = PBXGroup;
			children = (
				1715DD38170936DD00D57097 /* EGO_Refresh */,
				1715DD1F1709351900D57097 /* Images */,
				3A296DF71626EAD7006A97DD /* UMFeedbackViewController.h */,
				3A296DF81626EAD7006A97DD /* UMFeedbackViewController.m */,
				3A296DF91626EAD7006A97DD /* UMFeedbackViewController.xib */,
				3A296DFA1626EAD7006A97DD /* UMFeedbackTableViewCellLeft.h */,
				3A296DFB1626EAD7006A97DD /* UMFeedbackTableViewCellLeft.m */,
				3A296E041626EAD7006A97DD /* UMFeedbackTableViewCellRight.h */,
				3A296E051626EAD7006A97DD /* UMFeedbackTableViewCellRight.m */,
				17F3DAB3170AE5640033AD9A /* UMContactViewController.h */,
				17F3DAB4170AE5640033AD9A /* UMContactViewController.m */,
				17F3DAB5170AE5640033AD9A /* UMContactViewController.xib */,
			);
			path = chat;
			sourceTree = "<group>";
		};
/* End PBXGroup section */

/* Begin PBXNativeTarget section */
		383414D0161431EF0083F8FC /* Demo */ = {
			isa = PBXNativeTarget;
			buildConfigurationList = 383414F2161431EF0083F8FC /* Build configuration list for PBXNativeTarget "Demo" */;
			buildPhases = (
				383414CD161431EF0083F8FC /* Sources */,
				383414CE161431EF0083F8FC /* Frameworks */,
				383414CF161431EF0083F8FC /* Resources */,
			);
			buildRules = (
			);
			dependencies = (
			);
			name = Demo;
			productName = Demo;
			productReference = 383414D1161431EF0083F8FC /* UMDemo.app */;
			productType = "com.apple.product-type.application";
		};
/* End PBXNativeTarget section */

/* Begin PBXProject section */
		383414C8161431EF0083F8FC /* Project object */ = {
			isa = PBXProject;
			attributes = {
				LastUpgradeCheck = 0500;
				ORGANIZATIONNAME = "iOS@Umeng";
			};
			buildConfigurationList = 383414CB161431EF0083F8FC /* Build configuration list for PBXProject "Demo" */;
			compatibilityVersion = "Xcode 3.2";
			developmentRegion = English;
			hasScannedForEncodings = 0;
			knownRegions = (
				en,
				"zh-Hans",
			);
			mainGroup = 383414C6161431EF0083F8FC;
			productRefGroup = 383414D2161431EF0083F8FC /* Products */;
			projectDirPath = "";
			projectRoot = "";
			targets = (
				383414D0161431EF0083F8FC /* Demo */,
			);
		};
/* End PBXProject section */

/* Begin PBXResourcesBuildPhase section */
		383414CF161431EF0083F8FC /* Resources */ = {
			isa = PBXResourcesBuildPhase;
			buildActionMask = 2147483647;
			files = (
				383414E0161431EF0083F8FC /* InfoPlist.strings in Resources */,
				383414EC161431EF0083F8FC /* ViewController_iPhone.xib in Resources */,
				383414EF161431EF0083F8FC /* ViewController_iPad.xib in Resources */,
				3A8C37121614340900B3444B /* umFeedback.bundle in Resources */,
				3A8C371616143E0C00B3444B /* Default-568h@2x.png in Resources */,
				3A296E071626EAD7006A97DD /* UMFeedbackViewController.xib in Resources */,
				1715DD2E1709351A00D57097 /* messages_left_bubble@2x.png in Resources */,
				1715DD301709351A00D57097 /* messages_right_bubble@2x.png in Resources */,
				1715DD311709351A00D57097 /* messages_tableview_background.png in Resources */,
				1715DD321709351A00D57097 /* messages_tableview_background@2x.png in Resources */,
				1715DD331709351A00D57097 /* messages_toolbar_background.png in Resources */,
				1715DD341709351A00D57097 /* messages_toolbar_background@2x.png in Resources */,
				1715DD351709351A00D57097 /* nav_bar_bg@2x.png in Resources */,
				1715DD361709351A00D57097 /* nav_btn_bg@2x.png in Resources */,
				1715DD371709351A00D57097 /* nav_btn_bg_lighted@2x.png in Resources */,
				1715DD3F17093BF300D57097 /* blueArrow.png in Resources */,
				1715DD4017093BF300D57097 /* blueArrow@2x.png in Resources */,
				1715DD431709532F00D57097 /* send_selected@2x.png in Resources */,
				1715DD441709532F00D57097 /* send@2x.png in Resources */,
				1715DD4617098EE000D57097 /* icon_rightArrow@2x.png in Resources */,
				1715DD481709906900D57097 /* icon_rightArrow_selected@2x.png in Resources */,
				17F3DAB7170AE5640033AD9A /* UMContactViewController.xib in Resources */,
				17F3DABD170AEA200033AD9A /* item_cancel_selected@2x.png in Resources */,
				17F3DABE170AEA200033AD9A /* item_cancel@2x.png in Resources */,
				17F3DABF170AEA200033AD9A /* item_ok_selected@2x.png in Resources */,
				17F3DAC1170AEC0E0033AD9A /* item_ok@2x.png in Resources */,
				3A312FE1171BA5A9006F1591 /* umeng_logo.png in Resources */,
				33245635E6D12E4C36F98E60 /* nav_bg.png in Resources */,
				3324545C7681E10EEA37590F /* nav_btn_bg.png in Resources */,
				3A1FB7A01721252F006A6964 /* Localizable.strings in Resources */,
			);
			runOnlyForDeploymentPostprocessing = 0;
		};
/* End PBXResourcesBuildPhase section */

/* Begin PBXSourcesBuildPhase section */
		383414CD161431EF0083F8FC /* Sources */ = {
			isa = PBXSourcesBuildPhase;
			buildActionMask = 2147483647;
			files = (
				383414E2161431EF0083F8FC /* main.m in Sources */,
				383414E6161431EF0083F8FC /* AppDelegate.m in Sources */,
				383414E9161431EF0083F8FC /* ViewController.m in Sources */,
				3A296E061626EAD7006A97DD /* UMFeedbackViewController.m in Sources */,
				3A296E081626EAD7006A97DD /* UMFeedbackTableViewCellLeft.m in Sources */,
				3A296E111626EAD7006A97DD /* UMFeedbackTableViewCellRight.m in Sources */,
				1715DD3B170936DD00D57097 /* UMEGORefreshTableHeaderView.m in Sources */,
				17F3DAB6170AE5640033AD9A /* UMContactViewController.m in Sources */,
			);
			runOnlyForDeploymentPostprocessing = 0;
		};
/* End PBXSourcesBuildPhase section */

/* Begin PBXVariantGroup section */
		383414DE161431EF0083F8FC /* InfoPlist.strings */ = {
			isa = PBXVariantGroup;
			children = (
				383414DF161431EF0083F8FC /* en */,
				3A1FB79C17212470006A6964 /* zh-Hans */,
			);
			name = InfoPlist.strings;
			sourceTree = "<group>";
		};
		383414EA161431EF0083F8FC /* ViewController_iPhone.xib */ = {
			isa = PBXVariantGroup;
			children = (
				383414EB161431EF0083F8FC /* UMViewController_iPhone.xib */,
				3A1FB79A17212470006A6964 /* zh-Hans */,
			);
			name = ViewController_iPhone.xib;
			sourceTree = "<group>";
		};
		383414ED161431EF0083F8FC /* ViewController_iPad.xib */ = {
			isa = PBXVariantGroup;
			children = (
				383414EE161431EF0083F8FC /* UMViewController_iPad.xib */,
				3A1FB79B17212470006A6964 /* zh-Hans */,
			);
			name = ViewController_iPad.xib;
			sourceTree = "<group>";
		};
		3A1FB79D1721252F006A6964 /* Localizable.strings */ = {
			isa = PBXVariantGroup;
			children = (
				3A1FB79E1721252F006A6964 /* zh-Hans */,
				3A1FB79F1721252F006A6964 /* en */,
			);
			name = Localizable.strings;
			sourceTree = "<group>";
		};
/* End PBXVariantGroup section */

/* Begin XCBuildConfiguration section */
		383414F0161431EF0083F8FC /* Debug */ = {
			isa = XCBuildConfiguration;
			buildSettings = {
				ALWAYS_SEARCH_USER_PATHS = NO;
				CLANG_CXX_LANGUAGE_STANDARD = "gnu++0x";
				CLANG_ENABLE_OBJC_ARC = YES;
				CLANG_WARN_BOOL_CONVERSION = YES;
				CLANG_WARN_CONSTANT_CONVERSION = YES;
				CLANG_WARN_EMPTY_BODY = YES;
				CLANG_WARN_ENUM_CONVERSION = YES;
				CLANG_WARN_INT_CONVERSION = YES;
				CLANG_WARN__DUPLICATE_METHOD_MATCH = YES;
				"CODE_SIGN_IDENTITY[sdk=iphoneos*]" = "iPhone Developer";
				COPY_PHASE_STRIP = NO;
				GCC_C_LANGUAGE_STANDARD = gnu99;
				GCC_DYNAMIC_NO_PIC = NO;
				GCC_OPTIMIZATION_LEVEL = 0;
				GCC_PREPROCESSOR_DEFINITIONS = (
					"DEBUG=1",
					"$(inherited)",
				);
				GCC_SYMBOLS_PRIVATE_EXTERN = NO;
				GCC_VERSION = com.apple.compilers.llvm.clang.1_0;
				GCC_WARN_64_TO_32_BIT_CONVERSION = YES;
				GCC_WARN_ABOUT_RETURN_TYPE = YES;
				GCC_WARN_UNDECLARED_SELECTOR = YES;
				GCC_WARN_UNINITIALIZED_AUTOS = YES;
				GCC_WARN_UNUSED_FUNCTION = YES;
				GCC_WARN_UNUSED_VARIABLE = YES;
				IPHONEOS_DEPLOYMENT_TARGET = 5.1;
				ONLY_ACTIVE_ARCH = YES;
				SDKROOT = iphoneos;
				TARGETED_DEVICE_FAMILY = "1,2";
			};
			name = Debug;
		};
		383414F1161431EF0083F8FC /* Release */ = {
			isa = XCBuildConfiguration;
			buildSettings = {
				ALWAYS_SEARCH_USER_PATHS = NO;
				CLANG_CXX_LANGUAGE_STANDARD = "gnu++0x";
				CLANG_ENABLE_OBJC_ARC = YES;
				CLANG_WARN_BOOL_CONVERSION = YES;
				CLANG_WARN_CONSTANT_CONVERSION = YES;
				CLANG_WARN_EMPTY_BODY = YES;
				CLANG_WARN_ENUM_CONVERSION = YES;
				CLANG_WARN_INT_CONVERSION = YES;
				CLANG_WARN__DUPLICATE_METHOD_MATCH = YES;
				"CODE_SIGN_IDENTITY[sdk=iphoneos*]" = "iPhone Developer";
				COPY_PHASE_STRIP = YES;
				GCC_C_LANGUAGE_STANDARD = gnu99;
				GCC_VERSION = com.apple.compilers.llvm.clang.1_0;
				GCC_WARN_64_TO_32_BIT_CONVERSION = YES;
				GCC_WARN_ABOUT_RETURN_TYPE = YES;
				GCC_WARN_UNDECLARED_SELECTOR = YES;
				GCC_WARN_UNINITIALIZED_AUTOS = YES;
				GCC_WARN_UNUSED_FUNCTION = YES;
				GCC_WARN_UNUSED_VARIABLE = YES;
				IPHONEOS_DEPLOYMENT_TARGET = 5.1;
				ONLY_ACTIVE_ARCH = YES;
				OTHER_CFLAGS = "-DNS_BLOCK_ASSERTIONS=1";
				SDKROOT = iphoneos;
				TARGETED_DEVICE_FAMILY = "1,2";
				VALIDATE_PRODUCT = YES;
			};
			name = Release;
		};
		383414F3161431EF0083F8FC /* Debug */ = {
			isa = XCBuildConfiguration;
			buildSettings = {
				FRAMEWORK_SEARCH_PATHS = (
					"$(inherited)",
					"/Users/ming/Downloads/UMFeedback_iOS_1\\ 2.4",
				);
				GCC_PRECOMPILE_PREFIX_HEADER = YES;
				GCC_PREFIX_HEADER = "Demo/Demo-Prefix.pch";
				INFOPLIST_FILE = "Demo/Demo-Info.plist";
				IPHONEOS_DEPLOYMENT_TARGET = 5.1;
				LIBRARY_SEARCH_PATHS = (
					"$(inherited)",
					"\"$(SRCROOT)\"",
				);
				ONLY_ACTIVE_ARCH = YES;
				OTHER_LDFLAGS = "-ObjC";
				PRODUCT_NAME = UMDemo;
				WRAPPER_EXTENSION = app;
			};
			name = Debug;
		};
		383414F4161431EF0083F8FC /* Release */ = {
			isa = XCBuildConfiguration;
			buildSettings = {
				FRAMEWORK_SEARCH_PATHS = (
					"$(inherited)",
					"/Users/ming/Downloads/UMFeedback_iOS_1\\ 2.4",
				);
				GCC_PRECOMPILE_PREFIX_HEADER = YES;
				GCC_PREFIX_HEADER = "Demo/Demo-Prefix.pch";
				INFOPLIST_FILE = "Demo/Demo-Info.plist";
				IPHONEOS_DEPLOYMENT_TARGET = 5.1;
				LIBRARY_SEARCH_PATHS = (
					"$(inherited)",
					"\"$(SRCROOT)\"",
				);
				OTHER_LDFLAGS = "-ObjC";
				PRODUCT_NAME = UMDemo;
				WRAPPER_EXTENSION = app;
			};
			name = Release;
		};
/* End XCBuildConfiguration section */

/* Begin XCConfigurationList section */
		383414CB161431EF0083F8FC /* Build configuration list for PBXProject "Demo" */ = {
			isa = XCConfigurationList;
			buildConfigurations = (
				383414F0161431EF0083F8FC /* Debug */,
				383414F1161431EF0083F8FC /* Release */,
			);
			defaultConfigurationIsVisible = 0;
			defaultConfigurationName = Release;
		};
		383414F2161431EF0083F8FC /* Build configuration list for PBXNativeTarget "Demo" */ = {
			isa = XCConfigurationList;
			buildConfigurations = (
				383414F3161431EF0083F8FC /* Debug */,
				383414F4161431EF0083F8FC /* Release */,
			);
			defaultConfigurationIsVisible = 0;
			defaultConfigurationName = Release;
		};
/* End XCConfigurationList section */
	};
	rootObject = 383414C8161431EF0083F8FC /* Project object */;
}
